
Microsoft Visual Studio Solution File, Format Version 12.00
# Visual Studio Version 16
VisualStudioVersion = 16.0.30128.36
MinimumVisualStudioVersion = 10.0.40219.1
Project("{9A19103F-16F7-4668-BE54-9A1E7A4F7556}") = "EtisPredictions", "EtisPredictions\EtisPredictions.csproj", "{F01286E5-DBF2-4E8F-8033-85F29F89DD06}"
EndProject
Project("{9A19103F-16F7-4668-BE54-9A1E7A4F7556}") = "EtisPredictions.Preprocessor", "EtisPredictions.Preprocessor\EtisPredictions.Preprocessor.csproj", "{C8471456-BC9D-4500-A290-781582E4E025}"
EndProject
Project("{9A19103F-16F7-4668-BE54-9A1E7A4F7556}") = "XlsxCsvConversions", "XlsxCsvConversions\XlsxCsvConversions.csproj", "{59A00EE8-A35A-4189-A6D7-370AB4714ABE}"
EndProject
Project("{9A19103F-16F7-4668-BE54-9A1E7A4F7556}") = "EtisPredictionsML.Model", "EtisPredictionsML.Model\EtisPredictionsML.Model.csproj", "{D3CA4696-CA4B-4664-84A5-17C4F6DF6555}"
EndProject
Project("{9A19103F-16F7-4668-BE54-9A1E7A4F7556}") = "EtisPredictionsML.ConsoleApp", "EtisPredictionsML.ConsoleApp\EtisPredictionsML.ConsoleApp.csproj", "{EC575D03-732D-4BF6-A87C-349DD3251E76}"
EndProject
Global
	GlobalSection(SolutionConfigurationPlatforms) = preSolution
		Debug|Any CPU = Debug|Any CPU
		Release|Any CPU = Release|Any CPU
	EndGlobalSection
	GlobalSection(ProjectConfigurationPlatforms) = postSolution
		{F01286E5-DBF2-4E8F-8033-85F29F89DD06}.Debug|Any CPU.ActiveCfg = Debug|Any CPU
		{F01286E5-DBF2-4E8F-8033-85F29F89DD06}.Debug|Any CPU.Build.0 = Debug|Any CPU
		{F01286E5-DBF2-4E8F-8033-85F29F89DD06}.Release|Any CPU.ActiveCfg = Release|Any CPU
		{F01286E5-DBF2-4E8F-8033-85F29F89DD06}.Release|Any CPU.Build.0 = Release|Any CPU
		{C8471456-BC9D-4500-A290-781582E4E025}.Debug|Any CPU.ActiveCfg = Debug|Any CPU
		{C8471456-BC9D-4500-A290-781582E4E025}.Debug|Any CPU.Build.0 = Debug|Any CPU
		{C8471456-BC9D-4500-A290-781582E4E025}.Release|Any CPU.ActiveCfg = Release|Any CPU
		{C8471456-BC9D-4500-A290-781582E4E025}.Release|Any CPU.Build.0 = Release|Any CPU
		{59A00EE8-A35A-4189-A6D7-370AB4714ABE}.Debug|Any CPU.ActiveCfg = Debug|Any CPU
		{59A00EE8-A35A-4189-A6D7-370AB4714ABE}.Debug|Any CPU.Build.0 = Debug|Any CPU
		{59A00EE8-A35A-4189-A6D7-370AB4714ABE}.Release|Any CPU.ActiveCfg = Release|Any CPU
		{59A00EE8-A35A-4189-A6D7-370AB4714ABE}.Release|Any CPU.Build.0 = Release|Any CPU
		{D3CA4696-CA4B-4664-84A5-17C4F6DF6555}.Debug|Any CPU.ActiveCfg = Debug|Any CPU
		{D3CA4696-CA4B-4664-84A5-17C4F6DF6555}.Debug|Any CPU.Build.0 = Debug|Any CPU
		{D3CA4696-CA4B-4664-84A5-17C4F6DF6555}.Release|Any CPU.ActiveCfg = Release|Any CPU
		{D3CA4696-CA4B-4664-84A5-17C4F6DF6555}.Release|Any CPU.Build.0 = Release|Any CPU
		{EC575D03-732D-4BF6-A87C-349DD3251E76}.Debug|Any CPU.ActiveCfg = Debug|Any CPU
		{EC575D03-732D-4BF6-A87C-349DD3251E76}.Debug|Any CPU.Build.0 = Debug|Any CPU
		{EC575D03-732D-4BF6-A87C-349DD3251E76}.Release|Any CPU.ActiveCfg = Release|Any CPU
		{EC575D03-732D-4BF6-A87C-349DD3251E76}.Release|Any CPU.Build.0 = Release|Any CPU
	EndGlobalSection
	GlobalSection(SolutionProperties) = preSolution
		HideSolutionNode = FALSE
	EndGlobalSection
	GlobalSection(ExtensibilityGlobals) = postSolution
		SolutionGuid = {F33C6A63-7D9C-4292-BB81-6C28E721ECD1}
	EndGlobalSection
EndGlobal
